
Microsoft Visual Studio Solution File, Format Version 12.00
# Visual Studio Version 17
VisualStudioVersion = 17.11.35118.90
MinimumVisualStudioVersion = 10.0.40219.1
Project("{FAE04EC0-301F-11D3-BF4B-00C04F79EFBC}") = "mapping-exceptions-winfix", "mapping-exceptions-winfix\mapping-exceptions-winfix.csproj", "{36B388E9-C348-4B83-8141-867CD5433216}"
EndProject
Project("{2150E333-8FDC-42A3-9474-1A3956D46DE8}") = "Solution Items", "Solution Items", "{18741313-8800-45FF-9A91-6B4D0998D228}"
	ProjectSection(SolutionItems) = preProject
		LICENSE.txt = LICENSE.txt
		README.md = README.md
	EndProjectSection
EndProject
Global
	GlobalSection(SolutionConfigurationPlatforms) = preSolution
		Debug|Any CPU = Debug|Any CPU
		Release|Any CPU = Release|Any CPU
	EndGlobalSection
	GlobalSection(ProjectConfigurationPlatforms) = postSolution
		{36B388E9-C348-4B83-8141-867CD5433216}.Debug|Any CPU.ActiveCfg = Debug|Any CPU
		{36B388E9-C348-4B83-8141-867CD5433216}.Debug|Any CPU.Build.0 = Debug|Any CPU
		{36B388E9-C348-4B83-8141-867CD5433216}.Release|Any CPU.ActiveCfg = Release|Any CPU
		{36B388E9-C348-4B83-8141-867CD5433216}.Release|Any CPU.Build.0 = Release|Any CPU
	EndGlobalSection
	GlobalSection(SolutionProperties) = preSolution
		HideSolutionNode = FALSE
	EndGlobalSection
	GlobalSection(ExtensibilityGlobals) = postSolution
		SolutionGuid = {2414B934-0A4C-456C-89EA-874A9E09FD9B}
	EndGlobalSection
EndGlobal
